
Microsoft Visual Studio Solution File, Format Version 12.00
# Visual Studio Version 17
VisualStudioVersion = 17.5.002.0
MinimumVisualStudioVersion = 10.0.40219.1
Project("{9A19103F-16F7-4668-BE54-9A1E7A4F7556}") = "pump-api", "pump_api\pump-api.csproj", "{FD1384F3-93CD-4E1E-87E7-FF6BE0ECABE0}"
EndProject
Project("{FAE04EC0-301F-11D3-BF4B-00C04F79EFBC}") = "PumpApi.Tests", "PumpApi.Tests\PumpApi.Tests.csproj", "{5A316441-1F0F-476C-B695-B156E470139A}"
EndProject
Global
	GlobalSection(SolutionConfigurationPlatforms) = preSolution
		Debug|Any CPU = Debug|Any CPU
		Release|Any CPU = Release|Any CPU
	EndGlobalSection
	GlobalSection(ProjectConfigurationPlatforms) = postSolution
		{FD1384F3-93CD-4E1E-87E7-FF6BE0ECABE0}.Debug|Any CPU.ActiveCfg = Debug|Any CPU
		{FD1384F3-93CD-4E1E-87E7-FF6BE0ECABE0}.Debug|Any CPU.Build.0 = Debug|Any CPU
		{FD1384F3-93CD-4E1E-87E7-FF6BE0ECABE0}.Release|Any CPU.ActiveCfg = Release|Any CPU
		{FD1384F3-93CD-4E1E-87E7-FF6BE0ECABE0}.Release|Any CPU.Build.0 = Release|Any CPU
		{5A316441-1F0F-476C-B695-B156E470139A}.Debug|Any CPU.ActiveCfg = Debug|Any CPU
		{5A316441-1F0F-476C-B695-B156E470139A}.Debug|Any CPU.Build.0 = Debug|Any CPU
		{5A316441-1F0F-476C-B695-B156E470139A}.Release|Any CPU.ActiveCfg = Release|Any CPU
		{5A316441-1F0F-476C-B695-B156E470139A}.Release|Any CPU.Build.0 = Release|Any CPU
	EndGlobalSection
	GlobalSection(SolutionProperties) = preSolution
		HideSolutionNode = FALSE
	EndGlobalSection
	GlobalSection(ExtensibilityGlobals) = postSolution
		SolutionGuid = {0B8D4E70-5C2C-4576-B445-A8D30484489E}
	EndGlobalSection
EndGlobal
